// !$*UTF8*$!
{
	archiveVersion = 1;
	classes = {
	};
	objectVersion = 50;
	objects = {

/* Begin PBXBuildFile section */
		BD8A85E22724172E005A46D5 /* String + Extension.swift in Sources */ = {isa = PBXBuildFile; fileRef = BD8A85E12724172E005A46D5 /* String + Extension.swift */; };
		BD8A85E52724173F005A46D5 /* Int + Extension.swift in Sources */ = {isa = PBXBuildFile; fileRef = BD8A85E42724173F005A46D5 /* Int + Extension.swift */; };
		BDAC674327241346003C10B4 /* AppDelegate.swift in Sources */ = {isa = PBXBuildFile; fileRef = BDAC674227241346003C10B4 /* AppDelegate.swift */; };
		BDAC674527241346003C10B4 /* SceneDelegate.swift in Sources */ = {isa = PBXBuildFile; fileRef = BDAC674427241346003C10B4 /* SceneDelegate.swift */; };
		BDAC674727241346003C10B4 /* ViewController.swift in Sources */ = {isa = PBXBuildFile; fileRef = BDAC674627241346003C10B4 /* ViewController.swift */; };
		BDAC674A27241346003C10B4 /* Main.storyboard in Resources */ = {isa = PBXBuildFile; fileRef = BDAC674827241346003C10B4 /* Main.storyboard */; };
		BDAC674C27241349003C10B4 /* Assets.xcassets in Resources */ = {isa = PBXBuildFile; fileRef = BDAC674B27241349003C10B4 /* Assets.xcassets */; };
		BDAC674F27241349003C10B4 /* LaunchScreen.storyboard in Resources */ = {isa = PBXBuildFile; fileRef = BDAC674D27241349003C10B4 /* LaunchScreen.storyboard */; };
/* End PBXBuildFile section */

/* Begin PBXFileReference section */
		BD8A85E12724172E005A46D5 /* String + Extension.swift */ = {isa = PBXFileReference; lastKnownFileType = sourcecode.swift; path = "String + Extension.swift"; sourceTree = "<group>"; };
		BD8A85E42724173F005A46D5 /* Int + Extension.swift */ = {isa = PBXFileReference; lastKnownFileType = sourcecode.swift; path = "Int + Extension.swift"; sourceTree = "<group>"; };
		BDAC673F27241346003C10B4 /* iOS_Project_Setup.app */ = {isa = PBXFileReference; explicitFileType = wrapper.application; includeInIndex = 0; path = iOS_Project_Setup.app; sourceTree = BUILT_PRODUCTS_DIR; };
		BDAC674227241346003C10B4 /* AppDelegate.swift */ = {isa = PBXFileReference; lastKnownFileType = sourcecode.swift; path = AppDelegate.swift; sourceTree = "<group>"; };
		BDAC674427241346003C10B4 /* SceneDelegate.swift */ = {isa = PBXFileReference; lastKnownFileType = sourcecode.swift; path = SceneDelegate.swift; sourceTree = "<group>"; };
		BDAC674627241346003C10B4 /* ViewController.swift */ = {isa = PBXFileReference; lastKnownFileType = sourcecode.swift; path = ViewController.swift; sourceTree = "<group>"; };
		BDAC674927241346003C10B4 /* Base */ = {isa = PBXFileReference; lastKnownFileType = file.storyboard; name = Base; path = Base.lproj/Main.storyboard; sourceTree = "<group>"; };
		BDAC674B27241349003C10B4 /* Assets.xcassets */ = {isa = PBXFileReference; lastKnownFileType = folder.assetcatalog; path = Assets.xcassets; sourceTree = "<group>"; };
		BDAC674E27241349003C10B4 /* Base */ = {isa = PBXFileReference; lastKnownFileType = file.storyboard; name = Base; path = Base.lproj/LaunchScreen.storyboard; sourceTree = "<group>"; };
		BDAC675027241349003C10B4 /* Info.plist */ = {isa = PBXFileReference; lastKnownFileType = text.plist.xml; path = Info.plist; sourceTree = "<group>"; };
/* End PBXFileReference section */

/* Begin PBXFrameworksBuildPhase section */
		BDAC673C27241346003C10B4 /* Frameworks */ = {
			isa = PBXFrameworksBuildPhase;
			buildActionMask = 2147483647;
			files = (
			);
			runOnlyForDeploymentPostprocessing = 0;
		};
/* End PBXFrameworksBuildPhase section */

/* Begin PBXGroup section */
		BD0E9A4927241493009A3D2D /* Application */ = {
			isa = PBXGroup;
			children = (
				BDAC674227241346003C10B4 /* AppDelegate.swift */,
				BDAC674427241346003C10B4 /* SceneDelegate.swift */,
			);
			path = Application;
			sourceTree = "<group>";
		};
		BD0E9A4A2724149A009A3D2D /* View Controller */ = {
			isa = PBXGroup;
			children = (
				BDAC674627241346003C10B4 /* ViewController.swift */,
			);
			path = "View Controller";
			sourceTree = "<group>";
		};
		BD0E9A4B272414A3009A3D2D /* Resources */ = {
			isa = PBXGroup;
			children = (
				BDAC674B27241349003C10B4 /* Assets.xcassets */,
			);
			path = Resources;
			sourceTree = "<group>";
		};
		BD0E9A4D272414B5009A3D2D /* Storyboards */ = {
			isa = PBXGroup;
			children = (
				BDAC674D27241349003C10B4 /* LaunchScreen.storyboard */,
				BDAC674827241346003C10B4 /* Main.storyboard */,
			);
			path = Storyboards;
			sourceTree = "<group>";
		};
		BD0E9A4E272414C8009A3D2D /* Helpers */ = {
			isa = PBXGroup;
			children = (
				BD8A85D9272416D3005A46D5 /* Extensions */,
				BDAC675027241349003C10B4 /* Info.plist */,
			);
			path = Helpers;
			sourceTree = "<group>";
		};
		BD8A85D9272416D3005A46D5 /* Extensions */ = {
			isa = PBXGroup;
			children = (
				BD8A85E42724173F005A46D5 /* Int + Extension.swift */,
				BD8A85E12724172E005A46D5 /* String + Extension.swift */,
			);
			path = Extensions;
			sourceTree = "<group>";
		};
		BDAC673627241346003C10B4 = {
			isa = PBXGroup;
			children = (
				BDAC674127241346003C10B4 /* iOS_Project_Setup */,
				BDAC674027241346003C10B4 /* Products */,
			);
			sourceTree = "<group>";
		};
		BDAC674027241346003C10B4 /* Products */ = {
			isa = PBXGroup;
			children = (
				BDAC673F27241346003C10B4 /* iOS_Project_Setup.app */,
			);
			name = Products;
			sourceTree = "<group>";
		};
		BDAC674127241346003C10B4 /* iOS_Project_Setup */ = {
			isa = PBXGroup;
			children = (
				BD0E9A4927241493009A3D2D /* Application */,
				BD0E9A4E272414C8009A3D2D /* Helpers */,
				BD0E9A4B272414A3009A3D2D /* Resources */,
				BD0E9A4D272414B5009A3D2D /* Storyboards */,
				BD0E9A4A2724149A009A3D2D /* View Controller */,
			);
			path = iOS_Project_Setup;
			sourceTree = "<group>";
		};
/* End PBXGroup section */

/* Begin PBXNativeTarget section */
		BDAC673E27241346003C10B4 /* iOS_Project_Setup */ = {
			isa = PBXNativeTarget;
			buildConfigurationList = BDAC675327241349003C10B4 /* Build configuration list for PBXNativeTarget "iOS_Project_Setup" */;
			buildPhases = (
				BDAC673B27241346003C10B4 /* Sources */,
				BDAC673C27241346003C10B4 /* Frameworks */,
				BDAC673D27241346003C10B4 /* Resources */,
			);
			buildRules = (
			);
			dependencies = (
			);
			name = iOS_Project_Setup;
			productName = iOS_Project_Setup;
			productReference = BDAC673F27241346003C10B4 /* iOS_Project_Setup.app */;
			productType = "com.apple.product-type.application";
		};
/* End PBXNativeTarget section */

/* Begin PBXProject section */
		BDAC673727241346003C10B4 /* Project object */ = {
			isa = PBXProject;
			attributes = {
				LastSwiftUpdateCheck = 1240;
				LastUpgradeCheck = 1240;
				TargetAttributes = {
					BDAC673E27241346003C10B4 = {
						CreatedOnToolsVersion = 12.4;
					};
				};
			};
			buildConfigurationList = BDAC673A27241346003C10B4 /* Build configuration list for PBXProject "iOS_Project_Setup" */;
			compatibilityVersion = "Xcode 9.3";
			developmentRegion = en;
			hasScannedForEncodings = 0;
			knownRegions = (
				en,
				Base,
			);
			mainGroup = BDAC673627241346003C10B4;
			productRefGroup = BDAC674027241346003C10B4 /* Products */;
			projectDirPath = "";
			projectRoot = "";
			targets = (
				BDAC673E27241346003C10B4 /* iOS_Project_Setup */,
			);
		};
/* End PBXProject section */

/* Begin PBXResourcesBuildPhase section */
		BDAC673D27241346003C10B4 /* Resources */ = {
			isa = PBXResourcesBuildPhase;
			buildActionMask = 2147483647;
			files = (
				BDAC674F27241349003C10B4 /* LaunchScreen.storyboard in Resources */,
				BDAC674C27241349003C10B4 /* Assets.xcassets in Resources */,
				BDAC674A27241346003C10B4 /* Main.storyboard in Resources */,
			);
			runOnlyForDeploymentPostprocessing = 0;
		};
/* End PBXResourcesBuildPhase section */

/* Begin PBXSourcesBuildPhase section */
		BDAC673B27241346003C10B4 /* Sources */ = {
			isa = PBXSourcesBuildPhase;
			buildActionMask = 2147483647;
			files = (
				BDAC674727241346003C10B4 /* ViewController.swift in Sources */,
				BDAC674327241346003C10B4 /* AppDelegate.swift in Sources */,
				BD8A85E22724172E005A46D5 /* String + Extension.swift in Sources */,
				BD8A85E52724173F005A46D5 /* Int + Extension.swift in Sources */,
				BDAC674527241346003C10B4 /* SceneDelegate.swift in Sources */,
			);
			runOnlyForDeploymentPostprocessing = 0;
		};
/* End PBXSourcesBuildPhase section */

/* Begin PBXVariantGroup section */
		BDAC674827241346003C10B4 /* Main.storyboard */ = {
			isa = PBXVariantGroup;
			children = (
				BDAC674927241346003C10B4 /* Base */,
			);
			name = Main.storyboard;
			sourceTree = "<group>";
		};
		BDAC674D27241349003C10B4 /* LaunchScreen.storyboard */ = {
			isa = PBXVariantGroup;
			children = (
				BDAC674E27241349003C10B4 /* Base */,
			);
			name = LaunchScreen.storyboard;
			sourceTree = "<group>";
		};
/* End PBXVariantGroup section */

/* Begin XCBuildConfiguration section */
		BDAC675127241349003C10B4 /* Debug */ = {
			isa = XCBuildConfiguration;
			buildSettings = {
				ALWAYS_SEARCH_USER_PATHS = NO;
				CLANG_ANALYZER_NONNULL = YES;
				CLANG_ANALYZER_NUMBER_OBJECT_CONVERSION = YES_AGGRESSIVE;
				CLANG_CXX_LANGUAGE_STANDARD = "gnu++14";
				CLANG_CXX_LIBRARY = "libc++";
				CLANG_ENABLE_MODULES = YES;
				CLANG_ENABLE_OBJC_ARC = YES;
				CLANG_ENABLE_OBJC_WEAK = YES;
				CLANG_WARN_BLOCK_CAPTURE_AUTORELEASING = YES;
				CLANG_WARN_BOOL_CONVERSION = YES;
				CLANG_WARN_COMMA = YES;
				CLANG_WARN_CONSTANT_CONVERSION = YES;
				CLANG_WARN_DEPRECATED_OBJC_IMPLEMENTATIONS = YES;
				CLANG_WARN_DIRECT_OBJC_ISA_USAGE = YES_ERROR;
				CLANG_WARN_DOCUMENTATION_COMMENTS = YES;
				CLANG_WARN_EMPTY_BODY = YES;
				CLANG_WARN_ENUM_CONVERSION = YES;
				CLANG_WARN_INFINITE_RECURSION = YES;
				CLANG_WARN_INT_CONVERSION = YES;
				CLANG_WARN_NON_LITERAL_NULL_CONVERSION = YES;
				CLANG_WARN_OBJC_IMPLICIT_RETAIN_SELF = YES;
				CLANG_WARN_OBJC_LITERAL_CONVERSION = YES;
				CLANG_WARN_OBJC_ROOT_CLASS = YES_ERROR;
				CLANG_WARN_QUOTED_INCLUDE_IN_FRAMEWORK_HEADER = YES;
				CLANG_WARN_RANGE_LOOP_ANALYSIS = YES;
				CLANG_WARN_STRICT_PROTOTYPES = YES;
				CLANG_WARN_SUSPICIOUS_MOVE = YES;
				CLANG_WARN_UNGUARDED_AVAILABILITY = YES_AGGRESSIVE;
				CLANG_WARN_UNREACHABLE_CODE = YES;
				CLANG_WARN__DUPLICATE_METHOD_MATCH = YES;
				COPY_PHASE_STRIP = NO;
				DEBUG_INFORMATION_FORMAT = dwarf;
				ENABLE_STRICT_OBJC_MSGSEND = YES;
				ENABLE_TESTABILITY = YES;
				GCC_C_LANGUAGE_STANDARD = gnu11;
				GCC_DYNAMIC_NO_PIC = NO;
				GCC_NO_COMMON_BLOCKS = YES;
				GCC_OPTIMIZATION_LEVEL = 0;
				GCC_PREPROCESSOR_DEFINITIONS = (
					"DEBUG=1",
					"$(inherited)",
				);
				GCC_WARN_64_TO_32_BIT_CONVERSION = YES;
				GCC_WARN_ABOUT_RETURN_TYPE = YES_ERROR;
				GCC_WARN_UNDECLARED_SELECTOR = YES;
				GCC_WARN_UNINITIALIZED_AUTOS = YES_AGGRESSIVE;
				GCC_WARN_UNUSED_FUNCTION = YES;
				GCC_WARN_UNUSED_VARIABLE = YES;
				IPHONEOS_DEPLOYMENT_TARGET = 14.4;
				MTL_ENABLE_DEBUG_INFO = INCLUDE_SOURCE;
				MTL_FAST_MATH = YES;
				ONLY_ACTIVE_ARCH = YES;
				SDKROOT = iphoneos;
				SWIFT_ACTIVE_COMPILATION_CONDITIONS = DEBUG;
				SWIFT_OPTIMIZATION_LEVEL = "-Onone";
			};
			name = Debug;
		};
		BDAC675227241349003C10B4 /* Release */ = {
			isa = XCBuildConfiguration;
			buildSettings = {
				ALWAYS_SEARCH_USER_PATHS = NO;
				CLANG_ANALYZER_NONNULL = YES;
				CLANG_ANALYZER_NUMBER_OBJECT_CONVERSION = YES_AGGRESSIVE;
				CLANG_CXX_LANGUAGE_STANDARD = "gnu++14";
				CLANG_CXX_LIBRARY = "libc++";
				CLANG_ENABLE_MODULES = YES;
				CLANG_ENABLE_OBJC_ARC = YES;
				CLANG_ENABLE_OBJC_WEAK = YES;
				CLANG_WARN_BLOCK_CAPTURE_AUTORELEASING = YES;
				CLANG_WARN_BOOL_CONVERSION = YES;
				CLANG_WARN_COMMA = YES;
				CLANG_WARN_CONSTANT_CONVERSION = YES;
				CLANG_WARN_DEPRECATED_OBJC_IMPLEMENTATIONS = YES;
				CLANG_WARN_DIRECT_OBJC_ISA_USAGE = YES_ERROR;
				CLANG_WARN_DOCUMENTATION_COMMENTS = YES;
				CLANG_WARN_EMPTY_BODY = YES;
				CLANG_WARN_ENUM_CONVERSION = YES;
				CLANG_WARN_INFINITE_RECURSION = YES;
				CLANG_WARN_INT_CONVERSION = YES;
				CLANG_WARN_NON_LITERAL_NULL_CONVERSION = YES;
				CLANG_WARN_OBJC_IMPLICIT_RETAIN_SELF = YES;
				CLANG_WARN_OBJC_LITERAL_CONVERSION = YES;
				CLANG_WARN_OBJC_ROOT_CLASS = YES_ERROR;
				CLANG_WARN_QUOTED_INCLUDE_IN_FRAMEWORK_HEADER = YES;
				CLANG_WARN_RANGE_LOOP_ANALYSIS = YES;
				CLANG_WARN_STRICT_PROTOTYPES = YES;
				CLANG_WARN_SUSPICIOUS_MOVE = YES;
				CLANG_WARN_UNGUARDED_AVAILABILITY = YES_AGGRESSIVE;
				CLANG_WARN_UNREACHABLE_CODE = YES;
				CLANG_WARN__DUPLICATE_METHOD_MATCH = YES;
				COPY_PHASE_STRIP = NO;
				DEBUG_INFORMATION_FORMAT = "dwarf-with-dsym";
				ENABLE_NS_ASSERTIONS = NO;
				ENABLE_STRICT_OBJC_MSGSEND = YES;
				GCC_C_LANGUAGE_STANDARD = gnu11;
				GCC_NO_COMMON_BLOCKS = YES;
				GCC_WARN_64_TO_32_BIT_CONVERSION = YES;
				GCC_WARN_ABOUT_RETURN_TYPE = YES_ERROR;
				GCC_WARN_UNDECLARED_SELECTOR = YES;
				GCC_WARN_UNINITIALIZED_AUTOS = YES_AGGRESSIVE;
				GCC_WARN_UNUSED_FUNCTION = YES;
				GCC_WARN_UNUSED_VARIABLE = YES;
				IPHONEOS_DEPLOYMENT_TARGET = 14.4;
				MTL_ENABLE_DEBUG_INFO = NO;
				MTL_FAST_MATH = YES;
				SDKROOT = iphoneos;
				SWIFT_COMPILATION_MODE = wholemodule;
				SWIFT_OPTIMIZATION_LEVEL = "-O";
				VALIDATE_PRODUCT = YES;
			};
			name = Release;
		};
		BDAC675427241349003C10B4 /* Debug */ = {
			isa = XCBuildConfiguration;
			buildSettings = {
				ASSETCATALOG_COMPILER_APPICON_NAME = AppIcon;
				ASSETCATALOG_COMPILER_GLOBAL_ACCENT_COLOR_NAME = AccentColor;
				CODE_SIGN_STYLE = Automatic;
				INFOPLIST_FILE = "$(SRCROOT)/iOS_Project_Setup/Helpers/Info.plist";
				LD_RUNPATH_SEARCH_PATHS = (
					"$(inherited)",
					"@executable_path/Frameworks",
				);
				PRODUCT_BUNDLE_IDENTIFIER = "com.neelesh.iOS-Project-Setup";
				PRODUCT_NAME = "$(TARGET_NAME)";
				SWIFT_VERSION = 5.0;
				TARGETED_DEVICE_FAMILY = "1,2";
			};
			name = Debug;
		};
		BDAC675527241349003C10B4 /* Release */ = {
			isa = XCBuildConfiguration;
			buildSettings = {
				ASSETCATALOG_COMPILER_APPICON_NAME = AppIcon;
				ASSETCATALOG_COMPILER_GLOBAL_ACCENT_COLOR_NAME = AccentColor;
				CODE_SIGN_STYLE = Automatic;
				INFOPLIST_FILE = "$(SRCROOT)/iOS_Project_Setup/Helpers/Info.plist";
				LD_RUNPATH_SEARCH_PATHS = (
					"$(inherited)",
					"@executable_path/Frameworks",
				);
				PRODUCT_BUNDLE_IDENTIFIER = "com.neelesh.iOS-Project-Setup";
				PRODUCT_NAME = "$(TARGET_NAME)";
				SWIFT_VERSION = 5.0;
				TARGETED_DEVICE_FAMILY = "1,2";
			};
			name = Release;
		};
/* End XCBuildConfiguration section */

/* Begin XCConfigurationList section */
		BDAC673A27241346003C10B4 /* Build configuration list for PBXProject "iOS_Project_Setup" */ = {
			isa = XCConfigurationList;
			buildConfigurations = (
				BDAC675127241349003C10B4 /* Debug */,
				BDAC675227241349003C10B4 /* Release */,
			);
			defaultConfigurationIsVisible = 0;
			defaultConfigurationName = Release;
		};
		BDAC675327241349003C10B4 /* Build configuration list for PBXNativeTarget "iOS_Project_Setup" */ = {
			isa = XCConfigurationList;
			buildConfigurations = (
				BDAC675427241349003C10B4 /* Debug */,
				BDAC675527241349003C10B4 /* Release */,
			);
			defaultConfigurationIsVisible = 0;
			defaultConfigurationName = Release;
		};
/* End XCConfigurationList section */
	};
	rootObject = BDAC673727241346003C10B4 /* Project object */;
}
